// !$*UTF8*$!
{
	archiveVersion = 1;
	classes = {
	};
	objectVersion = 55;
	objects = {

/* Begin PBXBuildFile section */
		AA231E042755368700735F32 /* AppDelegate.swift in Sources */ = {isa = PBXBuildFile; fileRef = AA231E032755368700735F32 /* AppDelegate.swift */; };
		AA231E062755368700735F32 /* SceneDelegate.swift in Sources */ = {isa = PBXBuildFile; fileRef = AA231E052755368700735F32 /* SceneDelegate.swift */; };
		AA231E082755368700735F32 /* ViewController.swift in Sources */ = {isa = PBXBuildFile; fileRef = AA231E072755368700735F32 /* ViewController.swift */; };
		AA231E0D2755368A00735F32 /* Assets.xcassets in Resources */ = {isa = PBXBuildFile; fileRef = AA231E0C2755368A00735F32 /* Assets.xcassets */; };
		AA231E102755368A00735F32 /* LaunchScreen.storyboard in Resources */ = {isa = PBXBuildFile; fileRef = AA231E0E2755368A00735F32 /* LaunchScreen.storyboard */; };
		AA231E6C27557B9E00735F32 /* Data Manager.swift in Sources */ = {isa = PBXBuildFile; fileRef = AA231E6B27557B9E00735F32 /* Data Manager.swift */; };
		AA231EF0275588E000735F32 /* MainAssembly.swift in Sources */ = {isa = PBXBuildFile; fileRef = AA231EE2275588E000735F32 /* MainAssembly.swift */; };
		AA231EF1275588E000735F32 /* MainPresenter.swift in Sources */ = {isa = PBXBuildFile; fileRef = AA231EE4275588E000735F32 /* MainPresenter.swift */; };
		AA231EF2275588E000735F32 /* MainViewInput.swift in Sources */ = {isa = PBXBuildFile; fileRef = AA231EE6275588E000735F32 /* MainViewInput.swift */; };
		AA231EF3275588E000735F32 /* MainViewOutput.swift in Sources */ = {isa = PBXBuildFile; fileRef = AA231EE7275588E000735F32 /* MainViewOutput.swift */; };
		AA231EF4275588E000735F32 /* MainViewController.swift in Sources */ = {isa = PBXBuildFile; fileRef = AA231EE8275588E000735F32 /* MainViewController.swift */; };
		AA231EF5275588E000735F32 /* MainInteractorOutput.swift in Sources */ = {isa = PBXBuildFile; fileRef = AA231EEA275588E000735F32 /* MainInteractorOutput.swift */; };
		AA231EF6275588E000735F32 /* MainInteractor.swift in Sources */ = {isa = PBXBuildFile; fileRef = AA231EEB275588E000735F32 /* MainInteractor.swift */; };
		AA231EF7275588E000735F32 /* MainInteractorInput.swift in Sources */ = {isa = PBXBuildFile; fileRef = AA231EEC275588E000735F32 /* MainInteractorInput.swift */; };
		AA231EF8275588E000735F32 /* MainRouterInput.swift in Sources */ = {isa = PBXBuildFile; fileRef = AA231EEE275588E000735F32 /* MainRouterInput.swift */; };
		AA231EF9275588E000735F32 /* MainRouter.swift in Sources */ = {isa = PBXBuildFile; fileRef = AA231EEF275588E000735F32 /* MainRouter.swift */; };
		AA231EFD27559A2B00735F32 /* MainAssemblyProtocol.swift in Sources */ = {isa = PBXBuildFile; fileRef = AA231EFC27559A2B00735F32 /* MainAssemblyProtocol.swift */; };
		AA231EFF27559F0900735F32 /* MainView.swift in Sources */ = {isa = PBXBuildFile; fileRef = AA231EFE27559F0900735F32 /* MainView.swift */; };
		AA231F132755A17400735F32 /* BoardAssemblyProtocol.swift in Sources */ = {isa = PBXBuildFile; fileRef = AA231F042755A17400735F32 /* BoardAssemblyProtocol.swift */; };
		AA231F142755A17400735F32 /* BoardAssembly.swift in Sources */ = {isa = PBXBuildFile; fileRef = AA231F052755A17400735F32 /* BoardAssembly.swift */; };
		AA231F152755A17400735F32 /* BoardPresenter.swift in Sources */ = {isa = PBXBuildFile; fileRef = AA231F072755A17400735F32 /* BoardPresenter.swift */; };
		AA231F162755A17400735F32 /* BoardViewInput.swift in Sources */ = {isa = PBXBuildFile; fileRef = AA231F092755A17400735F32 /* BoardViewInput.swift */; };
		AA231F172755A17400735F32 /* BoardViewController.swift in Sources */ = {isa = PBXBuildFile; fileRef = AA231F0A2755A17400735F32 /* BoardViewController.swift */; };
		AA231F182755A17400735F32 /* BoardViewOutput.swift in Sources */ = {isa = PBXBuildFile; fileRef = AA231F0B2755A17400735F32 /* BoardViewOutput.swift */; };
		AA231F192755A17400735F32 /* BoardInteractorInput.swift in Sources */ = {isa = PBXBuildFile; fileRef = AA231F0D2755A17400735F32 /* BoardInteractorInput.swift */; };
		AA231F1A2755A17400735F32 /* BoardInteractor.swift in Sources */ = {isa = PBXBuildFile; fileRef = AA231F0E2755A17400735F32 /* BoardInteractor.swift */; };
		AA231F1B2755A17400735F32 /* BoardInteractorOutput.swift in Sources */ = {isa = PBXBuildFile; fileRef = AA231F0F2755A17400735F32 /* BoardInteractorOutput.swift */; };
		AA231F1C2755A17400735F32 /* BoardRouter.swift in Sources */ = {isa = PBXBuildFile; fileRef = AA231F112755A17400735F32 /* BoardRouter.swift */; };
		AA231F1D2755A17400735F32 /* BoardRouterInput.swift in Sources */ = {isa = PBXBuildFile; fileRef = AA231F122755A17400735F32 /* BoardRouterInput.swift */; };
		AA231F1F2755A28300735F32 /* BoardScrollView.swift in Sources */ = {isa = PBXBuildFile; fileRef = AA231F1E2755A28300735F32 /* BoardScrollView.swift */; };
		AA231F212755A28E00735F32 /* BoardView.swift in Sources */ = {isa = PBXBuildFile; fileRef = AA231F202755A28E00735F32 /* BoardView.swift */; };
/* End PBXBuildFile section */

/* Begin PBXFileReference section */
		AA231E002755368700735F32 /* Solve Circiut.app */ = {isa = PBXFileReference; explicitFileType = wrapper.application; includeInIndex = 0; path = "Solve Circiut.app"; sourceTree = BUILT_PRODUCTS_DIR; };
		AA231E032755368700735F32 /* AppDelegate.swift */ = {isa = PBXFileReference; lastKnownFileType = sourcecode.swift; path = AppDelegate.swift; sourceTree = "<group>"; };
		AA231E052755368700735F32 /* SceneDelegate.swift */ = {isa = PBXFileReference; lastKnownFileType = sourcecode.swift; path = SceneDelegate.swift; sourceTree = "<group>"; };
		AA231E072755368700735F32 /* ViewController.swift */ = {isa = PBXFileReference; lastKnownFileType = sourcecode.swift; path = ViewController.swift; sourceTree = "<group>"; };
		AA231E0C2755368A00735F32 /* Assets.xcassets */ = {isa = PBXFileReference; lastKnownFileType = folder.assetcatalog; path = Assets.xcassets; sourceTree = "<group>"; };
		AA231E0F2755368A00735F32 /* Base */ = {isa = PBXFileReference; lastKnownFileType = file.storyboard; name = Base; path = Base.lproj/LaunchScreen.storyboard; sourceTree = "<group>"; };
		AA231E112755368A00735F32 /* Info.plist */ = {isa = PBXFileReference; lastKnownFileType = text.plist.xml; path = Info.plist; sourceTree = "<group>"; };
		AA231E6B27557B9E00735F32 /* Data Manager.swift */ = {isa = PBXFileReference; lastKnownFileType = sourcecode.swift; path = "Data Manager.swift"; sourceTree = "<group>"; };
		AA231EE2275588E000735F32 /* MainAssembly.swift */ = {isa = PBXFileReference; fileEncoding = 4; lastKnownFileType = sourcecode.swift; path = MainAssembly.swift; sourceTree = "<group>"; };
		AA231EE4275588E000735F32 /* MainPresenter.swift */ = {isa = PBXFileReference; fileEncoding = 4; lastKnownFileType = sourcecode.swift; path = MainPresenter.swift; sourceTree = "<group>"; };
		AA231EE6275588E000735F32 /* MainViewInput.swift */ = {isa = PBXFileReference; fileEncoding = 4; lastKnownFileType = sourcecode.swift; path = MainViewInput.swift; sourceTree = "<group>"; };
		AA231EE7275588E000735F32 /* MainViewOutput.swift */ = {isa = PBXFileReference; fileEncoding = 4; lastKnownFileType = sourcecode.swift; path = MainViewOutput.swift; sourceTree = "<group>"; };
		AA231EE8275588E000735F32 /* MainViewController.swift */ = {isa = PBXFileReference; fileEncoding = 4; lastKnownFileType = sourcecode.swift; path = MainViewController.swift; sourceTree = "<group>"; };
		AA231EEA275588E000735F32 /* MainInteractorOutput.swift */ = {isa = PBXFileReference; fileEncoding = 4; lastKnownFileType = sourcecode.swift; path = MainInteractorOutput.swift; sourceTree = "<group>"; };
		AA231EEB275588E000735F32 /* MainInteractor.swift */ = {isa = PBXFileReference; fileEncoding = 4; lastKnownFileType = sourcecode.swift; path = MainInteractor.swift; sourceTree = "<group>"; };
		AA231EEC275588E000735F32 /* MainInteractorInput.swift */ = {isa = PBXFileReference; fileEncoding = 4; lastKnownFileType = sourcecode.swift; path = MainInteractorInput.swift; sourceTree = "<group>"; };
		AA231EEE275588E000735F32 /* MainRouterInput.swift */ = {isa = PBXFileReference; fileEncoding = 4; lastKnownFileType = sourcecode.swift; path = MainRouterInput.swift; sourceTree = "<group>"; };
		AA231EEF275588E000735F32 /* MainRouter.swift */ = {isa = PBXFileReference; fileEncoding = 4; lastKnownFileType = sourcecode.swift; path = MainRouter.swift; sourceTree = "<group>"; };
		AA231EFC27559A2B00735F32 /* MainAssemblyProtocol.swift */ = {isa = PBXFileReference; lastKnownFileType = sourcecode.swift; path = MainAssemblyProtocol.swift; sourceTree = "<group>"; };
		AA231EFE27559F0900735F32 /* MainView.swift */ = {isa = PBXFileReference; lastKnownFileType = sourcecode.swift; path = MainView.swift; sourceTree = "<group>"; };
		AA231F042755A17400735F32 /* BoardAssemblyProtocol.swift */ = {isa = PBXFileReference; fileEncoding = 4; lastKnownFileType = sourcecode.swift; path = BoardAssemblyProtocol.swift; sourceTree = "<group>"; };
		AA231F052755A17400735F32 /* BoardAssembly.swift */ = {isa = PBXFileReference; fileEncoding = 4; lastKnownFileType = sourcecode.swift; path = BoardAssembly.swift; sourceTree = "<group>"; };
		AA231F072755A17400735F32 /* BoardPresenter.swift */ = {isa = PBXFileReference; fileEncoding = 4; lastKnownFileType = sourcecode.swift; path = BoardPresenter.swift; sourceTree = "<group>"; };
		AA231F092755A17400735F32 /* BoardViewInput.swift */ = {isa = PBXFileReference; fileEncoding = 4; lastKnownFileType = sourcecode.swift; path = BoardViewInput.swift; sourceTree = "<group>"; };
		AA231F0A2755A17400735F32 /* BoardViewController.swift */ = {isa = PBXFileReference; fileEncoding = 4; lastKnownFileType = sourcecode.swift; path = BoardViewController.swift; sourceTree = "<group>"; };
		AA231F0B2755A17400735F32 /* BoardViewOutput.swift */ = {isa = PBXFileReference; fileEncoding = 4; lastKnownFileType = sourcecode.swift; path = BoardViewOutput.swift; sourceTree = "<group>"; };
		AA231F0D2755A17400735F32 /* BoardInteractorInput.swift */ = {isa = PBXFileReference; fileEncoding = 4; lastKnownFileType = sourcecode.swift; path = BoardInteractorInput.swift; sourceTree = "<group>"; };
		AA231F0E2755A17400735F32 /* BoardInteractor.swift */ = {isa = PBXFileReference; fileEncoding = 4; lastKnownFileType = sourcecode.swift; path = BoardInteractor.swift; sourceTree = "<group>"; };
		AA231F0F2755A17400735F32 /* BoardInteractorOutput.swift */ = {isa = PBXFileReference; fileEncoding = 4; lastKnownFileType = sourcecode.swift; path = BoardInteractorOutput.swift; sourceTree = "<group>"; };
		AA231F112755A17400735F32 /* BoardRouter.swift */ = {isa = PBXFileReference; fileEncoding = 4; lastKnownFileType = sourcecode.swift; path = BoardRouter.swift; sourceTree = "<group>"; };
		AA231F122755A17400735F32 /* BoardRouterInput.swift */ = {isa = PBXFileReference; fileEncoding = 4; lastKnownFileType = sourcecode.swift; path = BoardRouterInput.swift; sourceTree = "<group>"; };
		AA231F1E2755A28300735F32 /* BoardScrollView.swift */ = {isa = PBXFileReference; fileEncoding = 4; lastKnownFileType = sourcecode.swift; path = BoardScrollView.swift; sourceTree = "<group>"; };
		AA231F202755A28E00735F32 /* BoardView.swift */ = {isa = PBXFileReference; fileEncoding = 4; lastKnownFileType = sourcecode.swift; path = BoardView.swift; sourceTree = "<group>"; };
/* End PBXFileReference section */

/* Begin PBXFrameworksBuildPhase section */
		AA231DFD2755368700735F32 /* Frameworks */ = {
			isa = PBXFrameworksBuildPhase;
			buildActionMask = 2147483647;
			files = (
			);
			runOnlyForDeploymentPostprocessing = 0;
		};
/* End PBXFrameworksBuildPhase section */

/* Begin PBXGroup section */
		AA231DF72755368700735F32 = {
			isa = PBXGroup;
			children = (
				AA231E022755368700735F32 /* Solve Circiut */,
				AA231E012755368700735F32 /* Products */,
			);
			sourceTree = "<group>";
		};
		AA231E012755368700735F32 /* Products */ = {
			isa = PBXGroup;
			children = (
				AA231E002755368700735F32 /* Solve Circiut.app */,
			);
			name = Products;
			sourceTree = "<group>";
		};
		AA231E022755368700735F32 /* Solve Circiut */ = {
			isa = PBXGroup;
			children = (
				AA231E17275536CE00735F32 /* VIPER Modules */,
				AA231E6B27557B9E00735F32 /* Data Manager.swift */,
				AA231E052755368700735F32 /* SceneDelegate.swift */,
				AA231E032755368700735F32 /* AppDelegate.swift */,
				AA231E072755368700735F32 /* ViewController.swift */,
				AA231E0C2755368A00735F32 /* Assets.xcassets */,
				AA231E0E2755368A00735F32 /* LaunchScreen.storyboard */,
				AA231E112755368A00735F32 /* Info.plist */,
			);
			path = "Solve Circiut";
			sourceTree = "<group>";
		};
		AA231E17275536CE00735F32 /* VIPER Modules */ = {
			isa = PBXGroup;
			children = (
				AA231EE0275588E000735F32 /* Main */,
				AA231F022755A17400735F32 /* Board */,
			);
			path = "VIPER Modules";
			sourceTree = "<group>";
		};
		AA231EE0275588E000735F32 /* Main */ = {
			isa = PBXGroup;
			children = (
				AA231EE1275588E000735F32 /* Assembly */,
				AA231EE3275588E000735F32 /* Presenter */,
				AA231EE5275588E000735F32 /* View */,
				AA231EE9275588E000735F32 /* Interactor */,
				AA231EED275588E000735F32 /* Router */,
			);
			path = Main;
			sourceTree = "<group>";
		};
		AA231EE1275588E000735F32 /* Assembly */ = {
			isa = PBXGroup;
			children = (
				AA231EE2275588E000735F32 /* MainAssembly.swift */,
				AA231EFC27559A2B00735F32 /* MainAssemblyProtocol.swift */,
			);
			path = Assembly;
			sourceTree = "<group>";
		};
		AA231EE3275588E000735F32 /* Presenter */ = {
			isa = PBXGroup;
			children = (
				AA231EE4275588E000735F32 /* MainPresenter.swift */,
			);
			path = Presenter;
			sourceTree = "<group>";
		};
		AA231EE5275588E000735F32 /* View */ = {
			isa = PBXGroup;
			children = (
				AA231EE6275588E000735F32 /* MainViewInput.swift */,
				AA231EE7275588E000735F32 /* MainViewOutput.swift */,
				AA231EE8275588E000735F32 /* MainViewController.swift */,
				AA231EFE27559F0900735F32 /* MainView.swift */,
			);
			path = View;
			sourceTree = "<group>";
		};
		AA231EE9275588E000735F32 /* Interactor */ = {
			isa = PBXGroup;
			children = (
				AA231EEA275588E000735F32 /* MainInteractorOutput.swift */,
				AA231EEB275588E000735F32 /* MainInteractor.swift */,
				AA231EEC275588E000735F32 /* MainInteractorInput.swift */,
			);
			path = Interactor;
			sourceTree = "<group>";
		};
		AA231EED275588E000735F32 /* Router */ = {
			isa = PBXGroup;
			children = (
				AA231EEE275588E000735F32 /* MainRouterInput.swift */,
				AA231EEF275588E000735F32 /* MainRouter.swift */,
			);
			path = Router;
			sourceTree = "<group>";
		};
		AA231F022755A17400735F32 /* Board */ = {
			isa = PBXGroup;
			children = (
				AA231F032755A17400735F32 /* Assembly */,
				AA231F062755A17400735F32 /* Presenter */,
				AA231F082755A17400735F32 /* View */,
				AA231F0C2755A17400735F32 /* Interactor */,
				AA231F102755A17400735F32 /* Router */,
			);
			path = Board;
			sourceTree = "<group>";
		};
		AA231F032755A17400735F32 /* Assembly */ = {
			isa = PBXGroup;
			children = (
				AA231F042755A17400735F32 /* BoardAssemblyProtocol.swift */,
				AA231F052755A17400735F32 /* BoardAssembly.swift */,
			);
			path = Assembly;
			sourceTree = "<group>";
		};
		AA231F062755A17400735F32 /* Presenter */ = {
			isa = PBXGroup;
			children = (
				AA231F072755A17400735F32 /* BoardPresenter.swift */,
			);
			path = Presenter;
			sourceTree = "<group>";
		};
		AA231F082755A17400735F32 /* View */ = {
			isa = PBXGroup;
			children = (
				AA231F092755A17400735F32 /* BoardViewInput.swift */,
				AA231F0A2755A17400735F32 /* BoardViewController.swift */,
				AA231F0B2755A17400735F32 /* BoardViewOutput.swift */,
				AA231F1E2755A28300735F32 /* BoardScrollView.swift */,
				AA231F202755A28E00735F32 /* BoardView.swift */,
			);
			path = View;
			sourceTree = "<group>";
		};
		AA231F0C2755A17400735F32 /* Interactor */ = {
			isa = PBXGroup;
			children = (
				AA231F0D2755A17400735F32 /* BoardInteractorInput.swift */,
				AA231F0E2755A17400735F32 /* BoardInteractor.swift */,
				AA231F0F2755A17400735F32 /* BoardInteractorOutput.swift */,
			);
			path = Interactor;
			sourceTree = "<group>";
		};
		AA231F102755A17400735F32 /* Router */ = {
			isa = PBXGroup;
			children = (
				AA231F112755A17400735F32 /* BoardRouter.swift */,
				AA231F122755A17400735F32 /* BoardRouterInput.swift */,
			);
			path = Router;
			sourceTree = "<group>";
		};
/* End PBXGroup section */

/* Begin PBXNativeTarget section */
		AA231DFF2755368700735F32 /* Solve Circiut */ = {
			isa = PBXNativeTarget;
			buildConfigurationList = AA231E142755368A00735F32 /* Build configuration list for PBXNativeTarget "Solve Circiut" */;
			buildPhases = (
				AA231DFC2755368700735F32 /* Sources */,
				AA231DFD2755368700735F32 /* Frameworks */,
				AA231DFE2755368700735F32 /* Resources */,
			);
			buildRules = (
			);
			dependencies = (
			);
			name = "Solve Circiut";
			productName = "Solve Circiut";
			productReference = AA231E002755368700735F32 /* Solve Circiut.app */;
			productType = "com.apple.product-type.application";
		};
/* End PBXNativeTarget section */

/* Begin PBXProject section */
		AA231DF82755368700735F32 /* Project object */ = {
			isa = PBXProject;
			attributes = {
				BuildIndependentTargetsInParallel = 1;
				LastSwiftUpdateCheck = 1310;
				LastUpgradeCheck = 1310;
				TargetAttributes = {
					AA231DFF2755368700735F32 = {
						CreatedOnToolsVersion = 13.1;
					};
				};
			};
			buildConfigurationList = AA231DFB2755368700735F32 /* Build configuration list for PBXProject "Solve Circiut" */;
			compatibilityVersion = "Xcode 13.0";
			developmentRegion = en;
			hasScannedForEncodings = 0;
			knownRegions = (
				en,
				Base,
			);
			mainGroup = AA231DF72755368700735F32;
			productRefGroup = AA231E012755368700735F32 /* Products */;
			projectDirPath = "";
			projectRoot = "";
			targets = (
				AA231DFF2755368700735F32 /* Solve Circiut */,
			);
		};
/* End PBXProject section */

/* Begin PBXResourcesBuildPhase section */
		AA231DFE2755368700735F32 /* Resources */ = {
			isa = PBXResourcesBuildPhase;
			buildActionMask = 2147483647;
			files = (
				AA231E102755368A00735F32 /* LaunchScreen.storyboard in Resources */,
				AA231E0D2755368A00735F32 /* Assets.xcassets in Resources */,
			);
			runOnlyForDeploymentPostprocessing = 0;
		};
/* End PBXResourcesBuildPhase section */

/* Begin PBXSourcesBuildPhase section */
		AA231DFC2755368700735F32 /* Sources */ = {
			isa = PBXSourcesBuildPhase;
			buildActionMask = 2147483647;
			files = (
				AA231F142755A17400735F32 /* BoardAssembly.swift in Sources */,
				AA231F1C2755A17400735F32 /* BoardRouter.swift in Sources */,
				AA231EF7275588E000735F32 /* MainInteractorInput.swift in Sources */,
				AA231EF9275588E000735F32 /* MainRouter.swift in Sources */,
				AA231F1A2755A17400735F32 /* BoardInteractor.swift in Sources */,
				AA231EF3275588E000735F32 /* MainViewOutput.swift in Sources */,
				AA231F212755A28E00735F32 /* BoardView.swift in Sources */,
				AA231EF0275588E000735F32 /* MainAssembly.swift in Sources */,
				AA231EF2275588E000735F32 /* MainViewInput.swift in Sources */,
				AA231EF1275588E000735F32 /* MainPresenter.swift in Sources */,
				AA231F1B2755A17400735F32 /* BoardInteractorOutput.swift in Sources */,
				AA231E6C27557B9E00735F32 /* Data Manager.swift in Sources */,
				AA231E082755368700735F32 /* ViewController.swift in Sources */,
				AA231EF6275588E000735F32 /* MainInteractor.swift in Sources */,
				AA231EFF27559F0900735F32 /* MainView.swift in Sources */,
				AA231EF5275588E000735F32 /* MainInteractorOutput.swift in Sources */,
				AA231F132755A17400735F32 /* BoardAssemblyProtocol.swift in Sources */,
				AA231EF4275588E000735F32 /* MainViewController.swift in Sources */,
				AA231F172755A17400735F32 /* BoardViewController.swift in Sources */,
				AA231F162755A17400735F32 /* BoardViewInput.swift in Sources */,
				AA231F1D2755A17400735F32 /* BoardRouterInput.swift in Sources */,
				AA231EFD27559A2B00735F32 /* MainAssemblyProtocol.swift in Sources */,
				AA231F152755A17400735F32 /* BoardPresenter.swift in Sources */,
				AA231F1F2755A28300735F32 /* BoardScrollView.swift in Sources */,
				AA231F182755A17400735F32 /* BoardViewOutput.swift in Sources */,
				AA231E042755368700735F32 /* AppDelegate.swift in Sources */,
				AA231F192755A17400735F32 /* BoardInteractorInput.swift in Sources */,
				AA231E062755368700735F32 /* SceneDelegate.swift in Sources */,
				AA231EF8275588E000735F32 /* MainRouterInput.swift in Sources */,
			);
			runOnlyForDeploymentPostprocessing = 0;
		};
/* End PBXSourcesBuildPhase section */

/* Begin PBXVariantGroup section */
		AA231E0E2755368A00735F32 /* LaunchScreen.storyboard */ = {
			isa = PBXVariantGroup;
			children = (
				AA231E0F2755368A00735F32 /* Base */,
			);
			name = LaunchScreen.storyboard;
			sourceTree = "<group>";
		};
/* End PBXVariantGroup section */

/* Begin XCBuildConfiguration section */
		AA231E122755368A00735F32 /* Debug */ = {
			isa = XCBuildConfiguration;
			buildSettings = {
				ALWAYS_SEARCH_USER_PATHS = NO;
				CLANG_ANALYZER_NONNULL = YES;
				CLANG_ANALYZER_NUMBER_OBJECT_CONVERSION = YES_AGGRESSIVE;
				CLANG_CXX_LANGUAGE_STANDARD = "gnu++17";
				CLANG_CXX_LIBRARY = "libc++";
				CLANG_ENABLE_MODULES = YES;
				CLANG_ENABLE_OBJC_ARC = YES;
				CLANG_ENABLE_OBJC_WEAK = YES;
				CLANG_WARN_BLOCK_CAPTURE_AUTORELEASING = YES;
				CLANG_WARN_BOOL_CONVERSION = YES;
				CLANG_WARN_COMMA = YES;
				CLANG_WARN_CONSTANT_CONVERSION = YES;
				CLANG_WARN_DEPRECATED_OBJC_IMPLEMENTATIONS = YES;
				CLANG_WARN_DIRECT_OBJC_ISA_USAGE = YES_ERROR;
				CLANG_WARN_DOCUMENTATION_COMMENTS = YES;
				CLANG_WARN_EMPTY_BODY = YES;
				CLANG_WARN_ENUM_CONVERSION = YES;
				CLANG_WARN_INFINITE_RECURSION = YES;
				CLANG_WARN_INT_CONVERSION = YES;
				CLANG_WARN_NON_LITERAL_NULL_CONVERSION = YES;
				CLANG_WARN_OBJC_IMPLICIT_RETAIN_SELF = YES;
				CLANG_WARN_OBJC_LITERAL_CONVERSION = YES;
				CLANG_WARN_OBJC_ROOT_CLASS = YES_ERROR;
				CLANG_WARN_QUOTED_INCLUDE_IN_FRAMEWORK_HEADER = YES;
				CLANG_WARN_RANGE_LOOP_ANALYSIS = YES;
				CLANG_WARN_STRICT_PROTOTYPES = YES;
				CLANG_WARN_SUSPICIOUS_MOVE = YES;
				CLANG_WARN_UNGUARDED_AVAILABILITY = YES_AGGRESSIVE;
				CLANG_WARN_UNREACHABLE_CODE = YES;
				CLANG_WARN__DUPLICATE_METHOD_MATCH = YES;
				COPY_PHASE_STRIP = NO;
				DEBUG_INFORMATION_FORMAT = dwarf;
				ENABLE_STRICT_OBJC_MSGSEND = YES;
				ENABLE_TESTABILITY = YES;
				GCC_C_LANGUAGE_STANDARD = gnu11;
				GCC_DYNAMIC_NO_PIC = NO;
				GCC_NO_COMMON_BLOCKS = YES;
				GCC_OPTIMIZATION_LEVEL = 0;
				GCC_PREPROCESSOR_DEFINITIONS = (
					"DEBUG=1",
					"$(inherited)",
				);
				GCC_WARN_64_TO_32_BIT_CONVERSION = YES;
				GCC_WARN_ABOUT_RETURN_TYPE = YES_ERROR;
				GCC_WARN_UNDECLARED_SELECTOR = YES;
				GCC_WARN_UNINITIALIZED_AUTOS = YES_AGGRESSIVE;
				GCC_WARN_UNUSED_FUNCTION = YES;
				GCC_WARN_UNUSED_VARIABLE = YES;
				IPHONEOS_DEPLOYMENT_TARGET = 15.0;
				MTL_ENABLE_DEBUG_INFO = INCLUDE_SOURCE;
				MTL_FAST_MATH = YES;
				ONLY_ACTIVE_ARCH = YES;
				SDKROOT = iphoneos;
				SWIFT_ACTIVE_COMPILATION_CONDITIONS = DEBUG;
				SWIFT_OPTIMIZATION_LEVEL = "-Onone";
			};
			name = Debug;
		};
		AA231E132755368A00735F32 /* Release */ = {
			isa = XCBuildConfiguration;
			buildSettings = {
				ALWAYS_SEARCH_USER_PATHS = NO;
				CLANG_ANALYZER_NONNULL = YES;
				CLANG_ANALYZER_NUMBER_OBJECT_CONVERSION = YES_AGGRESSIVE;
				CLANG_CXX_LANGUAGE_STANDARD = "gnu++17";
				CLANG_CXX_LIBRARY = "libc++";
				CLANG_ENABLE_MODULES = YES;
				CLANG_ENABLE_OBJC_ARC = YES;
				CLANG_ENABLE_OBJC_WEAK = YES;
				CLANG_WARN_BLOCK_CAPTURE_AUTORELEASING = YES;
				CLANG_WARN_BOOL_CONVERSION = YES;
				CLANG_WARN_COMMA = YES;
				CLANG_WARN_CONSTANT_CONVERSION = YES;
				CLANG_WARN_DEPRECATED_OBJC_IMPLEMENTATIONS = YES;
				CLANG_WARN_DIRECT_OBJC_ISA_USAGE = YES_ERROR;
				CLANG_WARN_DOCUMENTATION_COMMENTS = YES;
				CLANG_WARN_EMPTY_BODY = YES;
				CLANG_WARN_ENUM_CONVERSION = YES;
				CLANG_WARN_INFINITE_RECURSION = YES;
				CLANG_WARN_INT_CONVERSION = YES;
				CLANG_WARN_NON_LITERAL_NULL_CONVERSION = YES;
				CLANG_WARN_OBJC_IMPLICIT_RETAIN_SELF = YES;
				CLANG_WARN_OBJC_LITERAL_CONVERSION = YES;
				CLANG_WARN_OBJC_ROOT_CLASS = YES_ERROR;
				CLANG_WARN_QUOTED_INCLUDE_IN_FRAMEWORK_HEADER = YES;
				CLANG_WARN_RANGE_LOOP_ANALYSIS = YES;
				CLANG_WARN_STRICT_PROTOTYPES = YES;
				CLANG_WARN_SUSPICIOUS_MOVE = YES;
				CLANG_WARN_UNGUARDED_AVAILABILITY = YES_AGGRESSIVE;
				CLANG_WARN_UNREACHABLE_CODE = YES;
				CLANG_WARN__DUPLICATE_METHOD_MATCH = YES;
				COPY_PHASE_STRIP = NO;
				DEBUG_INFORMATION_FORMAT = "dwarf-with-dsym";
				ENABLE_NS_ASSERTIONS = NO;
				ENABLE_STRICT_OBJC_MSGSEND = YES;
				GCC_C_LANGUAGE_STANDARD = gnu11;
				GCC_NO_COMMON_BLOCKS = YES;
				GCC_WARN_64_TO_32_BIT_CONVERSION = YES;
				GCC_WARN_ABOUT_RETURN_TYPE = YES_ERROR;
				GCC_WARN_UNDECLARED_SELECTOR = YES;
				GCC_WARN_UNINITIALIZED_AUTOS = YES_AGGRESSIVE;
				GCC_WARN_UNUSED_FUNCTION = YES;
				GCC_WARN_UNUSED_VARIABLE = YES;
				IPHONEOS_DEPLOYMENT_TARGET = 15.0;
				MTL_ENABLE_DEBUG_INFO = NO;
				MTL_FAST_MATH = YES;
				SDKROOT = iphoneos;
				SWIFT_COMPILATION_MODE = wholemodule;
				SWIFT_OPTIMIZATION_LEVEL = "-O";
				VALIDATE_PRODUCT = YES;
			};
			name = Release;
		};
		AA231E152755368A00735F32 /* Debug */ = {
			isa = XCBuildConfiguration;
			buildSettings = {
				ASSETCATALOG_COMPILER_APPICON_NAME = AppIcon;
				ASSETCATALOG_COMPILER_GLOBAL_ACCENT_COLOR_NAME = AccentColor;
				CODE_SIGN_STYLE = Automatic;
				CURRENT_PROJECT_VERSION = 1;
				DEVELOPMENT_TEAM = BGTZ6TGNVV;
				GENERATE_INFOPLIST_FILE = YES;
				INFOPLIST_FILE = "Solve Circiut/Info.plist";
				INFOPLIST_KEY_UIApplicationSupportsIndirectInputEvents = YES;
				INFOPLIST_KEY_UILaunchStoryboardName = LaunchScreen;
				INFOPLIST_KEY_UISupportedInterfaceOrientations_iPad = "UIInterfaceOrientationPortrait UIInterfaceOrientationPortraitUpsideDown UIInterfaceOrientationLandscapeLeft UIInterfaceOrientationLandscapeRight";
				INFOPLIST_KEY_UISupportedInterfaceOrientations_iPhone = "UIInterfaceOrientationPortrait UIInterfaceOrientationLandscapeLeft UIInterfaceOrientationLandscapeRight";
				IPHONEOS_DEPLOYMENT_TARGET = 13.0;
				LD_RUNPATH_SEARCH_PATHS = (
					"$(inherited)",
					"@executable_path/Frameworks",
				);
				MARKETING_VERSION = 1.0;
				PRODUCT_BUNDLE_IDENTIFIER = "MyId.Solve-Circiut";
				PRODUCT_NAME = "$(TARGET_NAME)";
				SWIFT_EMIT_LOC_STRINGS = YES;
				SWIFT_VERSION = 5.0;
				TARGETED_DEVICE_FAMILY = "1,2";
			};
			name = Debug;
		};
		AA231E162755368A00735F32 /* Release */ = {
			isa = XCBuildConfiguration;
			buildSettings = {
				ASSETCATALOG_COMPILER_APPICON_NAME = AppIcon;
				ASSETCATALOG_COMPILER_GLOBAL_ACCENT_COLOR_NAME = AccentColor;
				CODE_SIGN_STYLE = Automatic;
				CURRENT_PROJECT_VERSION = 1;
				DEVELOPMENT_TEAM = BGTZ6TGNVV;
				GENERATE_INFOPLIST_FILE = YES;
				INFOPLIST_FILE = "Solve Circiut/Info.plist";
				INFOPLIST_KEY_UIApplicationSupportsIndirectInputEvents = YES;
				INFOPLIST_KEY_UILaunchStoryboardName = LaunchScreen;
				INFOPLIST_KEY_UISupportedInterfaceOrientations_iPad = "UIInterfaceOrientationPortrait UIInterfaceOrientationPortraitUpsideDown UIInterfaceOrientationLandscapeLeft UIInterfaceOrientationLandscapeRight";
				INFOPLIST_KEY_UISupportedInterfaceOrientations_iPhone = "UIInterfaceOrientationPortrait UIInterfaceOrientationLandscapeLeft UIInterfaceOrientationLandscapeRight";
				IPHONEOS_DEPLOYMENT_TARGET = 13.0;
				LD_RUNPATH_SEARCH_PATHS = (
					"$(inherited)",
					"@executable_path/Frameworks",
				);
				MARKETING_VERSION = 1.0;
				PRODUCT_BUNDLE_IDENTIFIER = "MyId.Solve-Circiut";
				PRODUCT_NAME = "$(TARGET_NAME)";
				SWIFT_EMIT_LOC_STRINGS = YES;
				SWIFT_VERSION = 5.0;
				TARGETED_DEVICE_FAMILY = "1,2";
			};
			name = Release;
		};
/* End XCBuildConfiguration section */

/* Begin XCConfigurationList section */
		AA231DFB2755368700735F32 /* Build configuration list for PBXProject "Solve Circiut" */ = {
			isa = XCConfigurationList;
			buildConfigurations = (
				AA231E122755368A00735F32 /* Debug */,
				AA231E132755368A00735F32 /* Release */,
			);
			defaultConfigurationIsVisible = 0;
			defaultConfigurationName = Release;
		};
		AA231E142755368A00735F32 /* Build configuration list for PBXNativeTarget "Solve Circiut" */ = {
			isa = XCConfigurationList;
			buildConfigurations = (
				AA231E152755368A00735F32 /* Debug */,
				AA231E162755368A00735F32 /* Release */,
			);
			defaultConfigurationIsVisible = 0;
			defaultConfigurationName = Release;
		};
/* End XCConfigurationList section */
	};
	rootObject = AA231DF82755368700735F32 /* Project object */;
}
